
Microsoft Visual Studio Solution File, Format Version 12.00
# Visual Studio Version 16
VisualStudioVersion = 16.0.30225.117
MinimumVisualStudioVersion = 10.0.40219.1
Project("{FAE04EC0-301F-11D3-BF4B-00C04F79EFBC}") = "API-ASP.NET-Core", "API-ASP.NET-Core\API-ASP.NET-Core.csproj", "{18E02969-E43C-462F-B6CF-71F4FE3E7A6B}"
EndProject
Global
	GlobalSection(SolutionConfigurationPlatforms) = preSolution
		Debug|Any CPU = Debug|Any CPU
		Release|Any CPU = Release|Any CPU
	EndGlobalSection
	GlobalSection(ProjectConfigurationPlatforms) = postSolution
		{18E02969-E43C-462F-B6CF-71F4FE3E7A6B}.Debug|Any CPU.ActiveCfg = Debug|Any CPU
		{18E02969-E43C-462F-B6CF-71F4FE3E7A6B}.Debug|Any CPU.Build.0 = Debug|Any CPU
		{18E02969-E43C-462F-B6CF-71F4FE3E7A6B}.Release|Any CPU.ActiveCfg = Release|Any CPU
		{18E02969-E43C-462F-B6CF-71F4FE3E7A6B}.Release|Any CPU.Build.0 = Release|Any CPU
	EndGlobalSection
	GlobalSection(SolutionProperties) = preSolution
		HideSolutionNode = FALSE
	EndGlobalSection
	GlobalSection(ExtensibilityGlobals) = postSolution
		SolutionGuid = {D9233008-01BC-4F00-AD84-FE0E1EBFCAAC}
	EndGlobalSection
EndGlobal
